
Microsoft Visual Studio Solution File, Format Version 12.00
# Visual Studio Version 17
VisualStudioVersion = 17.8.34309.116
MinimumVisualStudioVersion = 10.0.40219.1
Project("{FAE04EC0-301F-11D3-BF4B-00C04F79EFBC}") = "GrpcClient", "GrpcClient\GrpcClient.csproj", "{4A23D6A6-D139-47AA-ACED-F6EE7BADA6BC}"
EndProject
Project("{FAE04EC0-301F-11D3-BF4B-00C04F79EFBC}") = "GrpcServer", "GrpcServer\GrpcServer.csproj", "{C953C5EE-8082-4E10-85B1-28710CFBFDAD}"
EndProject
Project("{FAE04EC0-301F-11D3-BF4B-00C04F79EFBC}") = "GrpcShared", "GrpcShared\GrpcShared.csproj", "{21D1AF50-4F2D-431D-8820-F7437181FA2F}"
EndProject
Global
	GlobalSection(SolutionConfigurationPlatforms) = preSolution
		Debug|Any CPU = Debug|Any CPU
		Release|Any CPU = Release|Any CPU
	EndGlobalSection
	GlobalSection(ProjectConfigurationPlatforms) = postSolution
		{4A23D6A6-D139-47AA-ACED-F6EE7BADA6BC}.Debug|Any CPU.ActiveCfg = Debug|Any CPU
		{4A23D6A6-D139-47AA-ACED-F6EE7BADA6BC}.Debug|Any CPU.Build.0 = Debug|Any CPU
		{4A23D6A6-D139-47AA-ACED-F6EE7BADA6BC}.Release|Any CPU.ActiveCfg = Release|Any CPU
		{4A23D6A6-D139-47AA-ACED-F6EE7BADA6BC}.Release|Any CPU.Build.0 = Release|Any CPU
		{C953C5EE-8082-4E10-85B1-28710CFBFDAD}.Debug|Any CPU.ActiveCfg = Debug|Any CPU
		{C953C5EE-8082-4E10-85B1-28710CFBFDAD}.Debug|Any CPU.Build.0 = Debug|Any CPU
		{C953C5EE-8082-4E10-85B1-28710CFBFDAD}.Release|Any CPU.ActiveCfg = Release|Any CPU
		{C953C5EE-8082-4E10-85B1-28710CFBFDAD}.Release|Any CPU.Build.0 = Release|Any CPU
		{21D1AF50-4F2D-431D-8820-F7437181FA2F}.Debug|Any CPU.ActiveCfg = Debug|Any CPU
		{21D1AF50-4F2D-431D-8820-F7437181FA2F}.Debug|Any CPU.Build.0 = Debug|Any CPU
		{21D1AF50-4F2D-431D-8820-F7437181FA2F}.Release|Any CPU.ActiveCfg = Release|Any CPU
		{21D1AF50-4F2D-431D-8820-F7437181FA2F}.Release|Any CPU.Build.0 = Release|Any CPU
	EndGlobalSection
	GlobalSection(SolutionProperties) = preSolution
		HideSolutionNode = FALSE
	EndGlobalSection
	GlobalSection(ExtensibilityGlobals) = postSolution
		SolutionGuid = {CB6532E8-2514-4FB4-B494-E06EB75AB3FB}
	EndGlobalSection
EndGlobal
